
Microsoft Visual Studio Solution File, Format Version 12.00
# Visual Studio Version 16
VisualStudioVersion = 16.0.29519.181
MinimumVisualStudioVersion = 10.0.40219.1
Project("{FAE04EC0-301F-11D3-BF4B-00C04F79EFBC}") = "Test1. Timchenko", "Test1. Timchenko\Test1. Timchenko.csproj", "{96AEC5A7-5302-4230-AE95-D26D1955592A}"
EndProject
Global
	GlobalSection(SolutionConfigurationPlatforms) = preSolution
		Debug|Any CPU = Debug|Any CPU
		Release|Any CPU = Release|Any CPU
	EndGlobalSection
	GlobalSection(ProjectConfigurationPlatforms) = postSolution
		{96AEC5A7-5302-4230-AE95-D26D1955592A}.Debug|Any CPU.ActiveCfg = Debug|Any CPU
		{96AEC5A7-5302-4230-AE95-D26D1955592A}.Debug|Any CPU.Build.0 = Debug|Any CPU
		{96AEC5A7-5302-4230-AE95-D26D1955592A}.Release|Any CPU.ActiveCfg = Release|Any CPU
		{96AEC5A7-5302-4230-AE95-D26D1955592A}.Release|Any CPU.Build.0 = Release|Any CPU
	EndGlobalSection
	GlobalSection(SolutionProperties) = preSolution
		HideSolutionNode = FALSE
	EndGlobalSection
	GlobalSection(ExtensibilityGlobals) = postSolution
		SolutionGuid = {7B5DFD67-03E6-44F8-900C-2F1873650CF8}
	EndGlobalSection
EndGlobal
